
Microsoft Visual Studio Solution File, Format Version 12.00
# Visual Studio Version 17
VisualStudioVersion = 17.5.33530.505
MinimumVisualStudioVersion = 10.0.40219.1
Project("{FAE04EC0-301F-11D3-BF4B-00C04F79EFBC}") = "DotNetCryptography", "DotNetCryptography\DotNetCryptography.csproj", "{2D6E7B99-39A5-4151-95F0-170CB2C958A8}"
EndProject
Global
	GlobalSection(SolutionConfigurationPlatforms) = preSolution
		Debug|Any CPU = Debug|Any CPU
		Release|Any CPU = Release|Any CPU
	EndGlobalSection
	GlobalSection(ProjectConfigurationPlatforms) = postSolution
		{2D6E7B99-39A5-4151-95F0-170CB2C958A8}.Debug|Any CPU.ActiveCfg = Debug|Any CPU
		{2D6E7B99-39A5-4151-95F0-170CB2C958A8}.Debug|Any CPU.Build.0 = Debug|Any CPU
		{2D6E7B99-39A5-4151-95F0-170CB2C958A8}.Release|Any CPU.ActiveCfg = Release|Any CPU
		{2D6E7B99-39A5-4151-95F0-170CB2C958A8}.Release|Any CPU.Build.0 = Release|Any CPU
	EndGlobalSection
	GlobalSection(SolutionProperties) = preSolution
		HideSolutionNode = FALSE
	EndGlobalSection
	GlobalSection(ExtensibilityGlobals) = postSolution
		SolutionGuid = {2A84ABA1-0EF2-4F71-A1AA-7F7BD781109B}
	EndGlobalSection
EndGlobal
